// !$*UTF8*$!
{
	archiveVersion = 1;
	classes = {
	};
	objectVersion = 51;
	objects = {

/* Begin PBXBuildFile section */
		2038F2422527DB3C000DC9D2 /* ShiftTableViewCell.swift in Sources */ = {isa = PBXBuildFile; fileRef = 2038F2412527DB3C000DC9D2 /* ShiftTableViewCell.swift */; };
		2038F2BA2527E3E5000DC9D2 /* CreateTimerViewController.swift in Sources */ = {isa = PBXBuildFile; fileRef = 2038F2B92527E3E5000DC9D2 /* CreateTimerViewController.swift */; };
		874EC7E32527E36600DA2B16 /* GoogleService-Info.plist in Resources */ = {isa = PBXBuildFile; fileRef = 874EC7E22527E36600DA2B16 /* GoogleService-Info.plist */; };
		874EC7E62527E37900DA2B16 /* AuthViewController.swift in Sources */ = {isa = PBXBuildFile; fileRef = 874EC7E52527E37900DA2B16 /* AuthViewController.swift */; };
		9C10C791831862EDB8080C19 /* Pods_Focus_Tracker.framework in Frameworks */ = {isa = PBXBuildFile; fileRef = 13719EB570D37BE27FBA2B22 /* Pods_Focus_Tracker.framework */; };
		E30EB2FF25267B2E009333F2 /* AppDelegate.swift in Sources */ = {isa = PBXBuildFile; fileRef = E30EB2FE25267B2E009333F2 /* AppDelegate.swift */; };
		E30EB30125267B2E009333F2 /* SceneDelegate.swift in Sources */ = {isa = PBXBuildFile; fileRef = E30EB30025267B2E009333F2 /* SceneDelegate.swift */; };
		E30EB30625267B2E009333F2 /* Main.storyboard in Resources */ = {isa = PBXBuildFile; fileRef = E30EB30425267B2E009333F2 /* Main.storyboard */; };
		E30EB30825267B30009333F2 /* Assets.xcassets in Resources */ = {isa = PBXBuildFile; fileRef = E30EB30725267B30009333F2 /* Assets.xcassets */; };
		E30EB30B25267B30009333F2 /* LaunchScreen.storyboard in Resources */ = {isa = PBXBuildFile; fileRef = E30EB30925267B30009333F2 /* LaunchScreen.storyboard */; };
		E30EB3142526A3DD009333F2 /* Timer.storyboard in Resources */ = {isa = PBXBuildFile; fileRef = E30EB3132526A3DD009333F2 /* Timer.storyboard */; };
		E30EB31B2526A5A2009333F2 /* History.storyboard in Resources */ = {isa = PBXBuildFile; fileRef = E30EB31A2526A5A2009333F2 /* History.storyboard */; };
		E30EB31F2526A647009333F2 /* Settings.storyboard in Resources */ = {isa = PBXBuildFile; fileRef = E30EB31E2526A647009333F2 /* Settings.storyboard */; };
		E30EB3272526AD31009333F2 /* TimeTableViewCell.swift in Sources */ = {isa = PBXBuildFile; fileRef = E30EB3252526AD31009333F2 /* TimeTableViewCell.swift */; };
		E30EB3282526AD31009333F2 /* TimeTableViewCell.xib in Resources */ = {isa = PBXBuildFile; fileRef = E30EB3262526AD31009333F2 /* TimeTableViewCell.xib */; };
		E30EB32C2526AF45009333F2 /* SettingsTableViewController.swift in Sources */ = {isa = PBXBuildFile; fileRef = E30EB32B2526AF45009333F2 /* SettingsTableViewController.swift */; };
		E30EB32F2526B4F9009333F2 /* AppSettings.swift in Sources */ = {isa = PBXBuildFile; fileRef = E30EB32E2526B4F9009333F2 /* AppSettings.swift */; };
		E30EB3322526B69E009333F2 /* HourRange.swift in Sources */ = {isa = PBXBuildFile; fileRef = E30EB3312526B69E009333F2 /* HourRange.swift */; };
		E30EB3362526BCEB009333F2 /* CurrentTimerViewController.swift in Sources */ = {isa = PBXBuildFile; fileRef = E30EB3352526BCEB009333F2 /* CurrentTimerViewController.swift */; };
		E30EB3392526BCFB009333F2 /* HistoryViewController.swift in Sources */ = {isa = PBXBuildFile; fileRef = E30EB3382526BCFB009333F2 /* HistoryViewController.swift */; };
		E329D7DE2527B3FC0007A2E2 /* ShiftsDataSource.swift in Sources */ = {isa = PBXBuildFile; fileRef = E329D7DD2527B3FC0007A2E2 /* ShiftsDataSource.swift */; };
		E329D7E12527B8B00007A2E2 /* Shift.swift in Sources */ = {isa = PBXBuildFile; fileRef = E329D7E02527B8B00007A2E2 /* Shift.swift */; };
		E329D7E52527CC980007A2E2 /* GoalTimeTableViewCell.swift in Sources */ = {isa = PBXBuildFile; fileRef = E329D7E32527CC980007A2E2 /* GoalTimeTableViewCell.swift */; };
		E329D7E62527CC980007A2E2 /* GoalTimeTableViewCell.xib in Resources */ = {isa = PBXBuildFile; fileRef = E329D7E42527CC980007A2E2 /* GoalTimeTableViewCell.xib */; };
		E329D81025280E6F0007A2E2 /* StudyDay.swift in Sources */ = {isa = PBXBuildFile; fileRef = E329D80F25280E6F0007A2E2 /* StudyDay.swift */; };
/* End PBXBuildFile section */

/* Begin PBXFileReference section */
		13719EB570D37BE27FBA2B22 /* Pods_Focus_Tracker.framework */ = {isa = PBXFileReference; explicitFileType = wrapper.framework; includeInIndex = 0; path = Pods_Focus_Tracker.framework; sourceTree = BUILT_PRODUCTS_DIR; };
		2038F2412527DB3C000DC9D2 /* ShiftTableViewCell.swift */ = {isa = PBXFileReference; lastKnownFileType = sourcecode.swift; path = ShiftTableViewCell.swift; sourceTree = "<group>"; };
		2038F2B92527E3E5000DC9D2 /* CreateTimerViewController.swift */ = {isa = PBXFileReference; lastKnownFileType = sourcecode.swift; path = CreateTimerViewController.swift; sourceTree = "<group>"; };
		3E22B78BAE6CEEE40FA01861 /* Pods-Focus-Tracker.debug.xcconfig */ = {isa = PBXFileReference; includeInIndex = 1; lastKnownFileType = text.xcconfig; name = "Pods-Focus-Tracker.debug.xcconfig"; path = "Target Support Files/Pods-Focus-Tracker/Pods-Focus-Tracker.debug.xcconfig"; sourceTree = "<group>"; };
		874EC7E22527E36600DA2B16 /* GoogleService-Info.plist */ = {isa = PBXFileReference; fileEncoding = 4; lastKnownFileType = text.plist.xml; path = "GoogleService-Info.plist"; sourceTree = "<group>"; };
		874EC7E52527E37900DA2B16 /* AuthViewController.swift */ = {isa = PBXFileReference; lastKnownFileType = sourcecode.swift; path = AuthViewController.swift; sourceTree = "<group>"; };
		986953283F0CE4FCFC5A868D /* Pods-Focus-Tracker.release.xcconfig */ = {isa = PBXFileReference; includeInIndex = 1; lastKnownFileType = text.xcconfig; name = "Pods-Focus-Tracker.release.xcconfig"; path = "Target Support Files/Pods-Focus-Tracker/Pods-Focus-Tracker.release.xcconfig"; sourceTree = "<group>"; };
		E30EB2FB25267B2E009333F2 /* Focus-Tracker.app */ = {isa = PBXFileReference; explicitFileType = wrapper.application; includeInIndex = 0; path = "Focus-Tracker.app"; sourceTree = BUILT_PRODUCTS_DIR; };
		E30EB2FE25267B2E009333F2 /* AppDelegate.swift */ = {isa = PBXFileReference; lastKnownFileType = sourcecode.swift; path = AppDelegate.swift; sourceTree = "<group>"; };
		E30EB30025267B2E009333F2 /* SceneDelegate.swift */ = {isa = PBXFileReference; lastKnownFileType = sourcecode.swift; path = SceneDelegate.swift; sourceTree = "<group>"; };
		E30EB30525267B2E009333F2 /* Base */ = {isa = PBXFileReference; lastKnownFileType = file.storyboard; name = Base; path = Base.lproj/Main.storyboard; sourceTree = "<group>"; };
		E30EB30725267B30009333F2 /* Assets.xcassets */ = {isa = PBXFileReference; lastKnownFileType = folder.assetcatalog; path = Assets.xcassets; sourceTree = "<group>"; };
		E30EB30A25267B30009333F2 /* Base */ = {isa = PBXFileReference; lastKnownFileType = file.storyboard; name = Base; path = Base.lproj/LaunchScreen.storyboard; sourceTree = "<group>"; };
		E30EB30C25267B30009333F2 /* Info.plist */ = {isa = PBXFileReference; lastKnownFileType = text.plist.xml; path = Info.plist; sourceTree = "<group>"; };
		E30EB3132526A3DD009333F2 /* Timer.storyboard */ = {isa = PBXFileReference; lastKnownFileType = file.storyboard; path = Timer.storyboard; sourceTree = "<group>"; };
		E30EB31A2526A5A2009333F2 /* History.storyboard */ = {isa = PBXFileReference; lastKnownFileType = file.storyboard; path = History.storyboard; sourceTree = "<group>"; };
		E30EB31E2526A647009333F2 /* Settings.storyboard */ = {isa = PBXFileReference; lastKnownFileType = file.storyboard; path = Settings.storyboard; sourceTree = "<group>"; };
		E30EB3252526AD31009333F2 /* TimeTableViewCell.swift */ = {isa = PBXFileReference; lastKnownFileType = sourcecode.swift; path = TimeTableViewCell.swift; sourceTree = "<group>"; };
		E30EB3262526AD31009333F2 /* TimeTableViewCell.xib */ = {isa = PBXFileReference; lastKnownFileType = file.xib; path = TimeTableViewCell.xib; sourceTree = "<group>"; };
		E30EB32B2526AF45009333F2 /* SettingsTableViewController.swift */ = {isa = PBXFileReference; lastKnownFileType = sourcecode.swift; path = SettingsTableViewController.swift; sourceTree = "<group>"; };
		E30EB32E2526B4F9009333F2 /* AppSettings.swift */ = {isa = PBXFileReference; lastKnownFileType = sourcecode.swift; path = AppSettings.swift; sourceTree = "<group>"; };
		E30EB3312526B69E009333F2 /* HourRange.swift */ = {isa = PBXFileReference; lastKnownFileType = sourcecode.swift; path = HourRange.swift; sourceTree = "<group>"; };
		E30EB3352526BCEB009333F2 /* CurrentTimerViewController.swift */ = {isa = PBXFileReference; lastKnownFileType = sourcecode.swift; path = CurrentTimerViewController.swift; sourceTree = "<group>"; };
		E30EB3382526BCFB009333F2 /* HistoryViewController.swift */ = {isa = PBXFileReference; lastKnownFileType = sourcecode.swift; path = HistoryViewController.swift; sourceTree = "<group>"; };
		E329D7DD2527B3FC0007A2E2 /* ShiftsDataSource.swift */ = {isa = PBXFileReference; lastKnownFileType = sourcecode.swift; path = ShiftsDataSource.swift; sourceTree = "<group>"; };
		E329D7E02527B8B00007A2E2 /* Shift.swift */ = {isa = PBXFileReference; lastKnownFileType = sourcecode.swift; path = Shift.swift; sourceTree = "<group>"; };
		E329D7E32527CC980007A2E2 /* GoalTimeTableViewCell.swift */ = {isa = PBXFileReference; lastKnownFileType = sourcecode.swift; path = GoalTimeTableViewCell.swift; sourceTree = "<group>"; };
		E329D7E42527CC980007A2E2 /* GoalTimeTableViewCell.xib */ = {isa = PBXFileReference; lastKnownFileType = file.xib; path = GoalTimeTableViewCell.xib; sourceTree = "<group>"; };
		E329D80F25280E6F0007A2E2 /* StudyDay.swift */ = {isa = PBXFileReference; lastKnownFileType = sourcecode.swift; path = StudyDay.swift; sourceTree = "<group>"; };
/* End PBXFileReference section */

/* Begin PBXFrameworksBuildPhase section */
		E30EB2F825267B2E009333F2 /* Frameworks */ = {
			isa = PBXFrameworksBuildPhase;
			buildActionMask = 2147483647;
			files = (
				9C10C791831862EDB8080C19 /* Pods_Focus_Tracker.framework in Frameworks */,
			);
			runOnlyForDeploymentPostprocessing = 0;
		};
/* End PBXFrameworksBuildPhase section */

/* Begin PBXGroup section */
		7384179F0D0A23677525DE9F /* Pods */ = {
			isa = PBXGroup;
			children = (
				3E22B78BAE6CEEE40FA01861 /* Pods-Focus-Tracker.debug.xcconfig */,
				986953283F0CE4FCFC5A868D /* Pods-Focus-Tracker.release.xcconfig */,
			);
			path = Pods;
			sourceTree = "<group>";
		};
		7827B4D8ACEC00FE0DB0B371 /* Frameworks */ = {
			isa = PBXGroup;
			children = (
				13719EB570D37BE27FBA2B22 /* Pods_Focus_Tracker.framework */,
			);
			name = Frameworks;
			sourceTree = "<group>";
		};
		E30EB2F225267B2E009333F2 = {
			isa = PBXGroup;
			children = (
				E30EB2FD25267B2E009333F2 /* Focus-Tracker */,
				E30EB2FC25267B2E009333F2 /* Products */,
				7384179F0D0A23677525DE9F /* Pods */,
				7827B4D8ACEC00FE0DB0B371 /* Frameworks */,
			);
			sourceTree = "<group>";
		};
		E30EB2FC25267B2E009333F2 /* Products */ = {
			isa = PBXGroup;
			children = (
				E30EB2FB25267B2E009333F2 /* Focus-Tracker.app */,
			);
			name = Products;
			sourceTree = "<group>";
		};
		E30EB2FD25267B2E009333F2 /* Focus-Tracker */ = {
			isa = PBXGroup;
			children = (
				E35725E42528C8CD00291120 /* History */,
				E35725E32528C8B400291120 /* Timer */,
				E35725E22528C6DB00291120 /* Model */,
				E35725E02528C6AD00291120 /* Settings */,
				E30EB2FE25267B2E009333F2 /* AppDelegate.swift */,
				E30EB30025267B2E009333F2 /* SceneDelegate.swift */,
				E30EB30425267B2E009333F2 /* Main.storyboard */,
				E30EB30725267B30009333F2 /* Assets.xcassets */,
				E30EB30925267B30009333F2 /* LaunchScreen.storyboard */,
				E30EB30C25267B30009333F2 /* Info.plist */,
				874EC7E22527E36600DA2B16 /* GoogleService-Info.plist */,
				874EC7E52527E37900DA2B16 /* AuthViewController.swift */,
			);
			path = "Focus-Tracker";
			sourceTree = "<group>";
		};
		E35725E02528C6AD00291120 /* Settings */ = {
			isa = PBXGroup;
			children = (
				E30EB32E2526B4F9009333F2 /* AppSettings.swift */,
				E30EB31E2526A647009333F2 /* Settings.storyboard */,
				E30EB32B2526AF45009333F2 /* SettingsTableViewController.swift */,
				E30EB3252526AD31009333F2 /* TimeTableViewCell.swift */,
				E329D7E32527CC980007A2E2 /* GoalTimeTableViewCell.swift */,
				E329D7E42527CC980007A2E2 /* GoalTimeTableViewCell.xib */,
				E30EB3262526AD31009333F2 /* TimeTableViewCell.xib */,
			);
			path = Settings;
			sourceTree = "<group>";
		};
		E35725E22528C6DB00291120 /* Model */ = {
			isa = PBXGroup;
			children = (
				E30EB3312526B69E009333F2 /* HourRange.swift */,
				E329D80F25280E6F0007A2E2 /* StudyDay.swift */,
				E329D7E02527B8B00007A2E2 /* Shift.swift */,
			);
			path = Model;
			sourceTree = "<group>";
		};
		E35725E32528C8B400291120 /* Timer */ = {
			isa = PBXGroup;
			children = (
				E30EB3132526A3DD009333F2 /* Timer.storyboard */,
				E30EB3352526BCEB009333F2 /* CurrentTimerViewController.swift */,
				2038F2412527DB3C000DC9D2 /* ShiftTableViewCell.swift */,
				E329D7DD2527B3FC0007A2E2 /* ShiftsDataSource.swift */,
				2038F2B92527E3E5000DC9D2 /* CreateTimerViewController.swift */,
			);
			path = Timer;
			sourceTree = "<group>";
		};
		E35725E42528C8CD00291120 /* History */ = {
			isa = PBXGroup;
			children = (
				E30EB3382526BCFB009333F2 /* HistoryViewController.swift */,
				E30EB31A2526A5A2009333F2 /* History.storyboard */,
			);
			path = History;
			sourceTree = "<group>";
		};
/* End PBXGroup section */

/* Begin PBXNativeTarget section */
		E30EB2FA25267B2E009333F2 /* Focus-Tracker */ = {
			isa = PBXNativeTarget;
			buildConfigurationList = E30EB30F25267B30009333F2 /* Build configuration list for PBXNativeTarget "Focus-Tracker" */;
			buildPhases = (
				164FEE876AA1EC80B025D67E /* [CP] Check Pods Manifest.lock */,
				E30EB2F725267B2E009333F2 /* Sources */,
				E30EB2F825267B2E009333F2 /* Frameworks */,
				E30EB2F925267B2E009333F2 /* Resources */,
				E45A5D241E12379103425E98 /* [CP] Embed Pods Frameworks */,
				C5300B39A0A153D841A94329 /* [CP] Copy Pods Resources */,
			);
			buildRules = (
			);
			dependencies = (
			);
			name = "Focus-Tracker";
			productName = "Focus-Tracker";
			productReference = E30EB2FB25267B2E009333F2 /* Focus-Tracker.app */;
			productType = "com.apple.product-type.application";
		};
/* End PBXNativeTarget section */

/* Begin PBXProject section */
		E30EB2F325267B2E009333F2 /* Project object */ = {
			isa = PBXProject;
			attributes = {
				LastSwiftUpdateCheck = 1200;
				LastUpgradeCheck = 1200;
				TargetAttributes = {
					E30EB2FA25267B2E009333F2 = {
						CreatedOnToolsVersion = 12.0.1;
					};
				};
			};
			buildConfigurationList = E30EB2F625267B2E009333F2 /* Build configuration list for PBXProject "Focus-Tracker" */;
			compatibilityVersion = "Xcode 9.3";
			developmentRegion = en;
			hasScannedForEncodings = 0;
			knownRegions = (
				en,
				Base,
			);
			mainGroup = E30EB2F225267B2E009333F2;
			productRefGroup = E30EB2FC25267B2E009333F2 /* Products */;
			projectDirPath = "";
			projectRoot = "";
			targets = (
				E30EB2FA25267B2E009333F2 /* Focus-Tracker */,
			);
		};
/* End PBXProject section */

/* Begin PBXResourcesBuildPhase section */
		E30EB2F925267B2E009333F2 /* Resources */ = {
			isa = PBXResourcesBuildPhase;
			buildActionMask = 2147483647;
			files = (
				E30EB3282526AD31009333F2 /* TimeTableViewCell.xib in Resources */,
				E30EB30B25267B30009333F2 /* LaunchScreen.storyboard in Resources */,
				874EC7E32527E36600DA2B16 /* GoogleService-Info.plist in Resources */,
				E30EB30825267B30009333F2 /* Assets.xcassets in Resources */,
				E30EB3142526A3DD009333F2 /* Timer.storyboard in Resources */,
				E30EB31F2526A647009333F2 /* Settings.storyboard in Resources */,
				E30EB30625267B2E009333F2 /* Main.storyboard in Resources */,
				E30EB31B2526A5A2009333F2 /* History.storyboard in Resources */,
				E329D7E62527CC980007A2E2 /* GoalTimeTableViewCell.xib in Resources */,
			);
			runOnlyForDeploymentPostprocessing = 0;
		};
/* End PBXResourcesBuildPhase section */

/* Begin PBXShellScriptBuildPhase section */
		164FEE876AA1EC80B025D67E /* [CP] Check Pods Manifest.lock */ = {
			isa = PBXShellScriptBuildPhase;
			buildActionMask = 2147483647;
			files = (
			);
			inputFileListPaths = (
			);
			inputPaths = (
				"${PODS_PODFILE_DIR_PATH}/Podfile.lock",
				"${PODS_ROOT}/Manifest.lock",
			);
			name = "[CP] Check Pods Manifest.lock";
			outputFileListPaths = (
			);
			outputPaths = (
				"$(DERIVED_FILE_DIR)/Pods-Focus-Tracker-checkManifestLockResult.txt",
			);
			runOnlyForDeploymentPostprocessing = 0;
			shellPath = /bin/sh;
			shellScript = "diff \"${PODS_PODFILE_DIR_PATH}/Podfile.lock\" \"${PODS_ROOT}/Manifest.lock\" > /dev/null\nif [ $? != 0 ] ; then\n    # print error to STDERR\n    echo \"error: The sandbox is not in sync with the Podfile.lock. Run 'pod install' or update your CocoaPods installation.\" >&2\n    exit 1\nfi\n# This output is used by Xcode 'outputs' to avoid re-running this script phase.\necho \"SUCCESS\" > \"${SCRIPT_OUTPUT_FILE_0}\"\n";
			showEnvVarsInLog = 0;
		};
		C5300B39A0A153D841A94329 /* [CP] Copy Pods Resources */ = {
			isa = PBXShellScriptBuildPhase;
			buildActionMask = 2147483647;
			files = (
			);
			inputFileListPaths = (
				"${PODS_ROOT}/Target Support Files/Pods-Focus-Tracker/Pods-Focus-Tracker-resources-${CONFIGURATION}-input-files.xcfilelist",
			);
			name = "[CP] Copy Pods Resources";
			outputFileListPaths = (
				"${PODS_ROOT}/Target Support Files/Pods-Focus-Tracker/Pods-Focus-Tracker-resources-${CONFIGURATION}-output-files.xcfilelist",
			);
			runOnlyForDeploymentPostprocessing = 0;
			shellPath = /bin/sh;
			shellScript = "\"${PODS_ROOT}/Target Support Files/Pods-Focus-Tracker/Pods-Focus-Tracker-resources.sh\"\n";
			showEnvVarsInLog = 0;
		};
		E45A5D241E12379103425E98 /* [CP] Embed Pods Frameworks */ = {
			isa = PBXShellScriptBuildPhase;
			buildActionMask = 2147483647;
			files = (
			);
			inputFileListPaths = (
				"${PODS_ROOT}/Target Support Files/Pods-Focus-Tracker/Pods-Focus-Tracker-frameworks-${CONFIGURATION}-input-files.xcfilelist",
			);
			name = "[CP] Embed Pods Frameworks";
			outputFileListPaths = (
				"${PODS_ROOT}/Target Support Files/Pods-Focus-Tracker/Pods-Focus-Tracker-frameworks-${CONFIGURATION}-output-files.xcfilelist",
			);
			runOnlyForDeploymentPostprocessing = 0;
			shellPath = /bin/sh;
			shellScript = "\"${PODS_ROOT}/Target Support Files/Pods-Focus-Tracker/Pods-Focus-Tracker-frameworks.sh\"\n";
			showEnvVarsInLog = 0;
		};
/* End PBXShellScriptBuildPhase section */

/* Begin PBXSourcesBuildPhase section */
		E30EB2F725267B2E009333F2 /* Sources */ = {
			isa = PBXSourcesBuildPhase;
			buildActionMask = 2147483647;
			files = (
				E30EB3272526AD31009333F2 /* TimeTableViewCell.swift in Sources */,
				E30EB3322526B69E009333F2 /* HourRange.swift in Sources */,
				E30EB32C2526AF45009333F2 /* SettingsTableViewController.swift in Sources */,
				E329D81025280E6F0007A2E2 /* StudyDay.swift in Sources */,
				E329D7E52527CC980007A2E2 /* GoalTimeTableViewCell.swift in Sources */,
				2038F2422527DB3C000DC9D2 /* ShiftTableViewCell.swift in Sources */,
				E329D7E12527B8B00007A2E2 /* Shift.swift in Sources */,
				E30EB32F2526B4F9009333F2 /* AppSettings.swift in Sources */,
				E30EB3362526BCEB009333F2 /* CurrentTimerViewController.swift in Sources */,
				874EC7E62527E37900DA2B16 /* AuthViewController.swift in Sources */,
				E329D7DE2527B3FC0007A2E2 /* ShiftsDataSource.swift in Sources */,
				2038F2BA2527E3E5000DC9D2 /* CreateTimerViewController.swift in Sources */,
				E30EB3392526BCFB009333F2 /* HistoryViewController.swift in Sources */,
				E30EB2FF25267B2E009333F2 /* AppDelegate.swift in Sources */,
				E30EB30125267B2E009333F2 /* SceneDelegate.swift in Sources */,
			);
			runOnlyForDeploymentPostprocessing = 0;
		};
/* End PBXSourcesBuildPhase section */

/* Begin PBXVariantGroup section */
		E30EB30425267B2E009333F2 /* Main.storyboard */ = {
			isa = PBXVariantGroup;
			children = (
				E30EB30525267B2E009333F2 /* Base */,
			);
			name = Main.storyboard;
			sourceTree = "<group>";
		};
		E30EB30925267B30009333F2 /* LaunchScreen.storyboard */ = {
			isa = PBXVariantGroup;
			children = (
				E30EB30A25267B30009333F2 /* Base */,
			);
			name = LaunchScreen.storyboard;
			sourceTree = "<group>";
		};
/* End PBXVariantGroup section */

/* Begin XCBuildConfiguration section */
		E30EB30D25267B30009333F2 /* Debug */ = {
			isa = XCBuildConfiguration;
			buildSettings = {
				ALWAYS_SEARCH_USER_PATHS = NO;
				CLANG_ANALYZER_NONNULL = YES;
				CLANG_ANALYZER_NUMBER_OBJECT_CONVERSION = YES_AGGRESSIVE;
				CLANG_CXX_LANGUAGE_STANDARD = "gnu++14";
				CLANG_CXX_LIBRARY = "libc++";
				CLANG_ENABLE_MODULES = YES;
				CLANG_ENABLE_OBJC_ARC = YES;
				CLANG_ENABLE_OBJC_WEAK = YES;
				CLANG_WARN_BLOCK_CAPTURE_AUTORELEASING = YES;
				CLANG_WARN_BOOL_CONVERSION = YES;
				CLANG_WARN_COMMA = YES;
				CLANG_WARN_CONSTANT_CONVERSION = YES;
				CLANG_WARN_DEPRECATED_OBJC_IMPLEMENTATIONS = YES;
				CLANG_WARN_DIRECT_OBJC_ISA_USAGE = YES_ERROR;
				CLANG_WARN_DOCUMENTATION_COMMENTS = YES;
				CLANG_WARN_EMPTY_BODY = YES;
				CLANG_WARN_ENUM_CONVERSION = YES;
				CLANG_WARN_INFINITE_RECURSION = YES;
				CLANG_WARN_INT_CONVERSION = YES;
				CLANG_WARN_NON_LITERAL_NULL_CONVERSION = YES;
				CLANG_WARN_OBJC_IMPLICIT_RETAIN_SELF = YES;
				CLANG_WARN_OBJC_LITERAL_CONVERSION = YES;
				CLANG_WARN_OBJC_ROOT_CLASS = YES_ERROR;
				CLANG_WARN_QUOTED_INCLUDE_IN_FRAMEWORK_HEADER = YES;
				CLANG_WARN_RANGE_LOOP_ANALYSIS = YES;
				CLANG_WARN_STRICT_PROTOTYPES = YES;
				CLANG_WARN_SUSPICIOUS_MOVE = YES;
				CLANG_WARN_UNGUARDED_AVAILABILITY = YES_AGGRESSIVE;
				CLANG_WARN_UNREACHABLE_CODE = YES;
				CLANG_WARN__DUPLICATE_METHOD_MATCH = YES;
				COPY_PHASE_STRIP = NO;
				DEBUG_INFORMATION_FORMAT = dwarf;
				ENABLE_STRICT_OBJC_MSGSEND = YES;
				ENABLE_TESTABILITY = YES;
				GCC_C_LANGUAGE_STANDARD = gnu11;
				GCC_DYNAMIC_NO_PIC = NO;
				GCC_NO_COMMON_BLOCKS = YES;
				GCC_OPTIMIZATION_LEVEL = 0;
				GCC_PREPROCESSOR_DEFINITIONS = (
					"DEBUG=1",
					"$(inherited)",
				);
				GCC_WARN_64_TO_32_BIT_CONVERSION = YES;
				GCC_WARN_ABOUT_RETURN_TYPE = YES_ERROR;
				GCC_WARN_UNDECLARED_SELECTOR = YES;
				GCC_WARN_UNINITIALIZED_AUTOS = YES_AGGRESSIVE;
				GCC_WARN_UNUSED_FUNCTION = YES;
				GCC_WARN_UNUSED_VARIABLE = YES;
				IPHONEOS_DEPLOYMENT_TARGET = 14.0;
				MTL_ENABLE_DEBUG_INFO = INCLUDE_SOURCE;
				MTL_FAST_MATH = YES;
				ONLY_ACTIVE_ARCH = YES;
				SDKROOT = iphoneos;
				SWIFT_ACTIVE_COMPILATION_CONDITIONS = DEBUG;
				SWIFT_OPTIMIZATION_LEVEL = "-Onone";
			};
			name = Debug;
		};
		E30EB30E25267B30009333F2 /* Release */ = {
			isa = XCBuildConfiguration;
			buildSettings = {
				ALWAYS_SEARCH_USER_PATHS = NO;
				CLANG_ANALYZER_NONNULL = YES;
				CLANG_ANALYZER_NUMBER_OBJECT_CONVERSION = YES_AGGRESSIVE;
				CLANG_CXX_LANGUAGE_STANDARD = "gnu++14";
				CLANG_CXX_LIBRARY = "libc++";
				CLANG_ENABLE_MODULES = YES;
				CLANG_ENABLE_OBJC_ARC = YES;
				CLANG_ENABLE_OBJC_WEAK = YES;
				CLANG_WARN_BLOCK_CAPTURE_AUTORELEASING = YES;
				CLANG_WARN_BOOL_CONVERSION = YES;
				CLANG_WARN_COMMA = YES;
				CLANG_WARN_CONSTANT_CONVERSION = YES;
				CLANG_WARN_DEPRECATED_OBJC_IMPLEMENTATIONS = YES;
				CLANG_WARN_DIRECT_OBJC_ISA_USAGE = YES_ERROR;
				CLANG_WARN_DOCUMENTATION_COMMENTS = YES;
				CLANG_WARN_EMPTY_BODY = YES;
				CLANG_WARN_ENUM_CONVERSION = YES;
				CLANG_WARN_INFINITE_RECURSION = YES;
				CLANG_WARN_INT_CONVERSION = YES;
				CLANG_WARN_NON_LITERAL_NULL_CONVERSION = YES;
				CLANG_WARN_OBJC_IMPLICIT_RETAIN_SELF = YES;
				CLANG_WARN_OBJC_LITERAL_CONVERSION = YES;
				CLANG_WARN_OBJC_ROOT_CLASS = YES_ERROR;
				CLANG_WARN_QUOTED_INCLUDE_IN_FRAMEWORK_HEADER = YES;
				CLANG_WARN_RANGE_LOOP_ANALYSIS = YES;
				CLANG_WARN_STRICT_PROTOTYPES = YES;
				CLANG_WARN_SUSPICIOUS_MOVE = YES;
				CLANG_WARN_UNGUARDED_AVAILABILITY = YES_AGGRESSIVE;
				CLANG_WARN_UNREACHABLE_CODE = YES;
				CLANG_WARN__DUPLICATE_METHOD_MATCH = YES;
				COPY_PHASE_STRIP = NO;
				DEBUG_INFORMATION_FORMAT = "dwarf-with-dsym";
				ENABLE_NS_ASSERTIONS = NO;
				ENABLE_STRICT_OBJC_MSGSEND = YES;
				GCC_C_LANGUAGE_STANDARD = gnu11;
				GCC_NO_COMMON_BLOCKS = YES;
				GCC_WARN_64_TO_32_BIT_CONVERSION = YES;
				GCC_WARN_ABOUT_RETURN_TYPE = YES_ERROR;
				GCC_WARN_UNDECLARED_SELECTOR = YES;
				GCC_WARN_UNINITIALIZED_AUTOS = YES_AGGRESSIVE;
				GCC_WARN_UNUSED_FUNCTION = YES;
				GCC_WARN_UNUSED_VARIABLE = YES;
				IPHONEOS_DEPLOYMENT_TARGET = 14.0;
				MTL_ENABLE_DEBUG_INFO = NO;
				MTL_FAST_MATH = YES;
				SDKROOT = iphoneos;
				SWIFT_COMPILATION_MODE = wholemodule;
				SWIFT_OPTIMIZATION_LEVEL = "-O";
				VALIDATE_PRODUCT = YES;
			};
			name = Release;
		};
		E30EB31025267B30009333F2 /* Debug */ = {
			isa = XCBuildConfiguration;
			baseConfigurationReference = 3E22B78BAE6CEEE40FA01861 /* Pods-Focus-Tracker.debug.xcconfig */;
			buildSettings = {
				ASSETCATALOG_COMPILER_APPICON_NAME = AppIcon;
				ASSETCATALOG_COMPILER_GLOBAL_ACCENT_COLOR_NAME = AccentColor;
				CODE_SIGN_STYLE = Automatic;
				DEVELOPMENT_TEAM = SM7F898GQH;
				INFOPLIST_FILE = "Focus-Tracker/Info.plist";
				LD_RUNPATH_SEARCH_PATHS = (
					"$(inherited)",
					"@executable_path/Frameworks",
				);
				PRODUCT_BUNDLE_IDENTIFIER = "com.technaplex.Focus-Tracker";
				PRODUCT_NAME = "$(TARGET_NAME)";
				SWIFT_VERSION = 5.0;
				TARGETED_DEVICE_FAMILY = "1,2";
			};
			name = Debug;
		};
		E30EB31125267B30009333F2 /* Release */ = {
			isa = XCBuildConfiguration;
			baseConfigurationReference = 986953283F0CE4FCFC5A868D /* Pods-Focus-Tracker.release.xcconfig */;
			buildSettings = {
				ASSETCATALOG_COMPILER_APPICON_NAME = AppIcon;
				ASSETCATALOG_COMPILER_GLOBAL_ACCENT_COLOR_NAME = AccentColor;
				CODE_SIGN_STYLE = Automatic;
				DEVELOPMENT_TEAM = SM7F898GQH;
				INFOPLIST_FILE = "Focus-Tracker/Info.plist";
				LD_RUNPATH_SEARCH_PATHS = (
					"$(inherited)",
					"@executable_path/Frameworks",
				);
				PRODUCT_BUNDLE_IDENTIFIER = "com.technaplex.Focus-Tracker";
				PRODUCT_NAME = "$(TARGET_NAME)";
				SWIFT_VERSION = 5.0;
				TARGETED_DEVICE_FAMILY = "1,2";
			};
			name = Release;
		};
/* End XCBuildConfiguration section */

/* Begin XCConfigurationList section */
		E30EB2F625267B2E009333F2 /* Build configuration list for PBXProject "Focus-Tracker" */ = {
			isa = XCConfigurationList;
			buildConfigurations = (
				E30EB30D25267B30009333F2 /* Debug */,
				E30EB30E25267B30009333F2 /* Release */,
			);
			defaultConfigurationIsVisible = 0;
			defaultConfigurationName = Release;
		};
		E30EB30F25267B30009333F2 /* Build configuration list for PBXNativeTarget "Focus-Tracker" */ = {
			isa = XCConfigurationList;
			buildConfigurations = (
				E30EB31025267B30009333F2 /* Debug */,
				E30EB31125267B30009333F2 /* Release */,
			);
			defaultConfigurationIsVisible = 0;
			defaultConfigurationName = Release;
		};
/* End XCConfigurationList section */
	};
	rootObject = E30EB2F325267B2E009333F2 /* Project object */;
}
